PODS:
  - Restler (0.1.2)
  - SwiftLint (0.39.1)

DEPENDENCIES:
  - Restler (from `../`)
  - SwiftLint (~> 0.39)

SPEC REPOS:
  trunk:
    - SwiftLint

EXTERNAL SOURCES:
  Restler:
    :path: "../"

SPEC CHECKSUMS:
  Restler: bea604cff63fa23403c67ae53372f8e0217a148b
  SwiftLint: 55e96a4a4d537d4a3156859fc1c54bd24851a046

PODFILE CHECKSUM: a746e84b50a82f68a975856a61c56608368093a0

COCOAPODS: 1.9.1
