PODS:
  - Restler (0.1.0)
  - SwiftLint (0.39.1)

DEPENDENCIES:
  - Restler (from `../`)
  - SwiftLint (~> 0.39)

SPEC REPOS:
  trunk:
    - SwiftLint

EXTERNAL SOURCES:
  Restler:
    :path: "../"

SPEC CHECKSUMS:
  Restler: 79fed163cd5972e60dcaeb13ee87f55c65604da1
  SwiftLint: 55e96a4a4d537d4a3156859fc1c54bd24851a046

PODFILE CHECKSUM: a746e84b50a82f68a975856a61c56608368093a0

COCOAPODS: 1.8.4
